
Microsoft Visual Studio Solution File, Format Version 12.00
# Visual Studio Version 17
VisualStudioVersion = 17.3.32901.215
MinimumVisualStudioVersion = 10.0.40219.1
Project("{9A19103F-16F7-4668-BE54-9A1E7A4F7556}") = "CoreDemo", "CoreDemo\CoreDemo.csproj", "{33C3D670-35C8-4FC5-A100-8BC9ECC6C2F2}"
EndProject
Project("{9A19103F-16F7-4668-BE54-9A1E7A4F7556}") = "EntityLayer", "EntityLayer\EntityLayer.csproj", "{FF7906BE-0097-419A-9D49-9996F6712934}"
EndProject
Project("{9A19103F-16F7-4668-BE54-9A1E7A4F7556}") = "DataAcessLayer", "DataAcessLayer\DataAcessLayer.csproj", "{BE912F73-2E47-4661-AA32-B919E1F5A90C}"
EndProject
Project("{9A19103F-16F7-4668-BE54-9A1E7A4F7556}") = "BusinessLayer", "BusinessLayer\BusinessLayer.csproj", "{23F9964D-12CB-4872-BCA1-6C3D1CBC588A}"
EndProject
Project("{9A19103F-16F7-4668-BE54-9A1E7A4F7556}") = "CoreLayer", "CoreLayer\CoreLayer.csproj", "{9CCE557E-04FC-4175-9D9B-9E0F682B5C59}"
EndProject
Project("{FAE04EC0-301F-11D3-BF4B-00C04F79EFBC}") = "BlogApiDemo", "BlogApiDemo\BlogApiDemo.csproj", "{8B0337C7-1A7A-4F9D-A215-AA9EA7B88274}"
EndProject
Global
	GlobalSection(SolutionConfigurationPlatforms) = preSolution
		Debug|Any CPU = Debug|Any CPU
		Release|Any CPU = Release|Any CPU
	EndGlobalSection
	GlobalSection(ProjectConfigurationPlatforms) = postSolution
		{33C3D670-35C8-4FC5-A100-8BC9ECC6C2F2}.Debug|Any CPU.ActiveCfg = Debug|Any CPU
		{33C3D670-35C8-4FC5-A100-8BC9ECC6C2F2}.Debug|Any CPU.Build.0 = Debug|Any CPU
		{33C3D670-35C8-4FC5-A100-8BC9ECC6C2F2}.Release|Any CPU.ActiveCfg = Release|Any CPU
		{33C3D670-35C8-4FC5-A100-8BC9ECC6C2F2}.Release|Any CPU.Build.0 = Release|Any CPU
		{FF7906BE-0097-419A-9D49-9996F6712934}.Debug|Any CPU.ActiveCfg = Debug|Any CPU
		{FF7906BE-0097-419A-9D49-9996F6712934}.Debug|Any CPU.Build.0 = Debug|Any CPU
		{FF7906BE-0097-419A-9D49-9996F6712934}.Release|Any CPU.ActiveCfg = Release|Any CPU
		{FF7906BE-0097-419A-9D49-9996F6712934}.Release|Any CPU.Build.0 = Release|Any CPU
		{BE912F73-2E47-4661-AA32-B919E1F5A90C}.Debug|Any CPU.ActiveCfg = Debug|Any CPU
		{BE912F73-2E47-4661-AA32-B919E1F5A90C}.Debug|Any CPU.Build.0 = Debug|Any CPU
		{BE912F73-2E47-4661-AA32-B919E1F5A90C}.Release|Any CPU.ActiveCfg = Release|Any CPU
		{BE912F73-2E47-4661-AA32-B919E1F5A90C}.Release|Any CPU.Build.0 = Release|Any CPU
		{23F9964D-12CB-4872-BCA1-6C3D1CBC588A}.Debug|Any CPU.ActiveCfg = Debug|Any CPU
		{23F9964D-12CB-4872-BCA1-6C3D1CBC588A}.Debug|Any CPU.Build.0 = Debug|Any CPU
		{23F9964D-12CB-4872-BCA1-6C3D1CBC588A}.Release|Any CPU.ActiveCfg = Release|Any CPU
		{23F9964D-12CB-4872-BCA1-6C3D1CBC588A}.Release|Any CPU.Build.0 = Release|Any CPU
		{9CCE557E-04FC-4175-9D9B-9E0F682B5C59}.Debug|Any CPU.ActiveCfg = Debug|Any CPU
		{9CCE557E-04FC-4175-9D9B-9E0F682B5C59}.Debug|Any CPU.Build.0 = Debug|Any CPU
		{9CCE557E-04FC-4175-9D9B-9E0F682B5C59}.Release|Any CPU.ActiveCfg = Release|Any CPU
		{9CCE557E-04FC-4175-9D9B-9E0F682B5C59}.Release|Any CPU.Build.0 = Release|Any CPU
		{8B0337C7-1A7A-4F9D-A215-AA9EA7B88274}.Debug|Any CPU.ActiveCfg = Debug|Any CPU
		{8B0337C7-1A7A-4F9D-A215-AA9EA7B88274}.Debug|Any CPU.Build.0 = Debug|Any CPU
		{8B0337C7-1A7A-4F9D-A215-AA9EA7B88274}.Release|Any CPU.ActiveCfg = Release|Any CPU
		{8B0337C7-1A7A-4F9D-A215-AA9EA7B88274}.Release|Any CPU.Build.0 = Release|Any CPU
	EndGlobalSection
	GlobalSection(SolutionProperties) = preSolution
		HideSolutionNode = FALSE
	EndGlobalSection
	GlobalSection(ExtensibilityGlobals) = postSolution
		SolutionGuid = {48BB43D8-5BBB-4BF6-8075-D959F4303EFB}
	EndGlobalSection
EndGlobal
